
Microsoft Visual Studio Solution File, Format Version 12.00
# Visual Studio Version 17
VisualStudioVersion = 17.5.33516.290
MinimumVisualStudioVersion = 10.0.40219.1
Project("{8BC9CEB8-8B4A-11D0-8D11-00A0C91BC942}") = "sjf", "sjf\sjf.vcxproj", "{D798800F-A315-4DC9-9317-B3F2FA66BFC8}"
EndProject
Global
	GlobalSection(SolutionConfigurationPlatforms) = preSolution
		Debug|x64 = Debug|x64
		Debug|x86 = Debug|x86
		Release|x64 = Release|x64
		Release|x86 = Release|x86
	EndGlobalSection
	GlobalSection(ProjectConfigurationPlatforms) = postSolution
		{D798800F-A315-4DC9-9317-B3F2FA66BFC8}.Debug|x64.ActiveCfg = Debug|x64
		{D798800F-A315-4DC9-9317-B3F2FA66BFC8}.Debug|x64.Build.0 = Debug|x64
		{D798800F-A315-4DC9-9317-B3F2FA66BFC8}.Debug|x86.ActiveCfg = Debug|Win32
		{D798800F-A315-4DC9-9317-B3F2FA66BFC8}.Debug|x86.Build.0 = Debug|Win32
		{D798800F-A315-4DC9-9317-B3F2FA66BFC8}.Release|x64.ActiveCfg = Release|x64
		{D798800F-A315-4DC9-9317-B3F2FA66BFC8}.Release|x64.Build.0 = Release|x64
		{D798800F-A315-4DC9-9317-B3F2FA66BFC8}.Release|x86.ActiveCfg = Release|Win32
		{D798800F-A315-4DC9-9317-B3F2FA66BFC8}.Release|x86.Build.0 = Release|Win32
	EndGlobalSection
	GlobalSection(SolutionProperties) = preSolution
		HideSolutionNode = FALSE
	EndGlobalSection
	GlobalSection(ExtensibilityGlobals) = postSolution
		SolutionGuid = {E6ECCE35-A348-4FC5-8427-2A3025320261}
	EndGlobalSection
EndGlobal
